
Microsoft Visual Studio Solution File, Format Version 12.00
# Visual Studio Version 16
VisualStudioVersion = 16.0.31005.135
MinimumVisualStudioVersion = 10.0.40219.1
Project("{9A19103F-16F7-4668-BE54-9A1E7A4F7556}") = "ApiProductor", "ApiProductor\ApiProductor.csproj", "{A56975AC-6A49-4742-84BB-035B2C796F3D}"
EndProject
Project("{FAE04EC0-301F-11D3-BF4B-00C04F79EFBC}") = "fncConsumidor", "fncConsumidor\fncConsumidor.csproj", "{8BD11B95-55E5-45E1-A8B2-D153331DC1C0}"
EndProject
Global
	GlobalSection(SolutionConfigurationPlatforms) = preSolution
		Debug|Any CPU = Debug|Any CPU
		Release|Any CPU = Release|Any CPU
	EndGlobalSection
	GlobalSection(ProjectConfigurationPlatforms) = postSolution
		{A56975AC-6A49-4742-84BB-035B2C796F3D}.Debug|Any CPU.ActiveCfg = Debug|Any CPU
		{A56975AC-6A49-4742-84BB-035B2C796F3D}.Debug|Any CPU.Build.0 = Debug|Any CPU
		{A56975AC-6A49-4742-84BB-035B2C796F3D}.Release|Any CPU.ActiveCfg = Release|Any CPU
		{A56975AC-6A49-4742-84BB-035B2C796F3D}.Release|Any CPU.Build.0 = Release|Any CPU
		{8BD11B95-55E5-45E1-A8B2-D153331DC1C0}.Debug|Any CPU.ActiveCfg = Debug|Any CPU
		{8BD11B95-55E5-45E1-A8B2-D153331DC1C0}.Debug|Any CPU.Build.0 = Debug|Any CPU
		{8BD11B95-55E5-45E1-A8B2-D153331DC1C0}.Release|Any CPU.ActiveCfg = Release|Any CPU
		{8BD11B95-55E5-45E1-A8B2-D153331DC1C0}.Release|Any CPU.Build.0 = Release|Any CPU
	EndGlobalSection
	GlobalSection(SolutionProperties) = preSolution
		HideSolutionNode = FALSE
	EndGlobalSection
	GlobalSection(ExtensibilityGlobals) = postSolution
		SolutionGuid = {1029039F-7EF6-4797-8227-C415E3C45971}
	EndGlobalSection
EndGlobal
